
Microsoft Visual Studio Solution File, Format Version 12.00
# Visual Studio Version 17
VisualStudioVersion = 17.8.34525.116
MinimumVisualStudioVersion = 10.0.40219.1
Project("{9A19103F-16F7-4668-BE54-9A1E7A4F7556}") = "Week7Functions", "Week7Functions\Week7Functions.csproj", "{314D5744-A78D-4315-B310-75C4C06A2A51}"
EndProject
Project("{FAE04EC0-301F-11D3-BF4B-00C04F79EFBC}") = "ArgumentsAndParameters", "ArgumentsAndParameters\ArgumentsAndParameters.csproj", "{31D16981-0539-4F27-ABB2-3C5509DCAC2D}"
EndProject
Project("{FAE04EC0-301F-11D3-BF4B-00C04F79EFBC}") = "Calculator", "Calculator\Calculator.csproj", "{FBD3CC1A-CCCE-4F1E-BFD0-21BAE836F235}"
EndProject
Project("{FAE04EC0-301F-11D3-BF4B-00C04F79EFBC}") = "DiscountCalculator", "DiscountCalculator\DiscountCalculator.csproj", "{75AE6EB7-FC83-4398-8EA4-3AF083DE956A}"
EndProject
Global
	GlobalSection(SolutionConfigurationPlatforms) = preSolution
		Debug|Any CPU = Debug|Any CPU
		Release|Any CPU = Release|Any CPU
	EndGlobalSection
	GlobalSection(ProjectConfigurationPlatforms) = postSolution
		{314D5744-A78D-4315-B310-75C4C06A2A51}.Debug|Any CPU.ActiveCfg = Debug|Any CPU
		{314D5744-A78D-4315-B310-75C4C06A2A51}.Debug|Any CPU.Build.0 = Debug|Any CPU
		{314D5744-A78D-4315-B310-75C4C06A2A51}.Release|Any CPU.ActiveCfg = Release|Any CPU
		{314D5744-A78D-4315-B310-75C4C06A2A51}.Release|Any CPU.Build.0 = Release|Any CPU
		{31D16981-0539-4F27-ABB2-3C5509DCAC2D}.Debug|Any CPU.ActiveCfg = Debug|Any CPU
		{31D16981-0539-4F27-ABB2-3C5509DCAC2D}.Debug|Any CPU.Build.0 = Debug|Any CPU
		{31D16981-0539-4F27-ABB2-3C5509DCAC2D}.Release|Any CPU.ActiveCfg = Release|Any CPU
		{31D16981-0539-4F27-ABB2-3C5509DCAC2D}.Release|Any CPU.Build.0 = Release|Any CPU
		{FBD3CC1A-CCCE-4F1E-BFD0-21BAE836F235}.Debug|Any CPU.ActiveCfg = Debug|Any CPU
		{FBD3CC1A-CCCE-4F1E-BFD0-21BAE836F235}.Debug|Any CPU.Build.0 = Debug|Any CPU
		{FBD3CC1A-CCCE-4F1E-BFD0-21BAE836F235}.Release|Any CPU.ActiveCfg = Release|Any CPU
		{FBD3CC1A-CCCE-4F1E-BFD0-21BAE836F235}.Release|Any CPU.Build.0 = Release|Any CPU
		{75AE6EB7-FC83-4398-8EA4-3AF083DE956A}.Debug|Any CPU.ActiveCfg = Debug|Any CPU
		{75AE6EB7-FC83-4398-8EA4-3AF083DE956A}.Debug|Any CPU.Build.0 = Debug|Any CPU
		{75AE6EB7-FC83-4398-8EA4-3AF083DE956A}.Release|Any CPU.ActiveCfg = Release|Any CPU
		{75AE6EB7-FC83-4398-8EA4-3AF083DE956A}.Release|Any CPU.Build.0 = Release|Any CPU
	EndGlobalSection
	GlobalSection(SolutionProperties) = preSolution
		HideSolutionNode = FALSE
	EndGlobalSection
	GlobalSection(ExtensibilityGlobals) = postSolution
		SolutionGuid = {E3A3042B-75DB-4F52-8156-BAED445EFCBE}
	EndGlobalSection
EndGlobal
